# @generated by Move, please check-in and do not edit manually.

[move]
version = 3
manifest_digest = "4F18F98488E36D57BE6CC65CFFC704EF35B325BCB596CA4EC46B5FE52D28B07D"
deps_digest = "397E6A9F7A624706DBDFEE056CE88391A15876868FD18A88504DA74EB458D697"
dependencies = [
  { id = "Bridge", name = "Bridge" },
  { id = "Launchpad", name = "Launchpad" },
  { id = "MoveStdlib", name = "MoveStdlib" },
  { id = "Sui", name = "Sui" },
  { id = "SuiSystem", name = "SuiSystem" },
]

[[move.package]]
id = "Bridge"
source = { git = "https://github.com/MystenLabs/sui.git", rev = "664b05b3b047c5bb03979d093660176176ea6175", subdir = "crates/sui-framework/packages/bridge" }

dependencies = [
  { id = "MoveStdlib", name = "MoveStdlib" },
  { id = "Sui", name = "Sui" },
  { id = "SuiSystem", name = "SuiSystem" },
]

[[move.package]]
id = "Kiosk"
source = { git = "https://github.com/MystenLabs/apps.git", rev = "main", subdir = "kiosk" }

dependencies = [
  { id = "Sui", name = "Sui" },
]

[[move.package]]
id = "Launchpad"
source = { git = "https://github.com/NeokiDeMa/hokko-launchpad.git", rev = "main", subdir = "contract" }

dependencies = [
  { id = "Bridge", name = "Bridge" },
  { id = "Kiosk", name = "Kiosk" },
  { id = "MoveStdlib", name = "MoveStdlib" },
  { id = "Sui", name = "Sui" },
  { id = "SuiSystem", name = "SuiSystem" },
  { id = "access_control", name = "access_control" },
  { id = "auth_bridge", name = "auth_bridge" },
]

[[move.package]]
id = "MoveStdlib"
source = { git = "https://github.com/MystenLabs/sui.git", rev = "664b05b3b047c5bb03979d093660176176ea6175", subdir = "crates/sui-framework/packages/move-stdlib" }

[[move.package]]
id = "Sui"
source = { git = "https://github.com/MystenLabs/sui.git", rev = "664b05b3b047c5bb03979d093660176176ea6175", subdir = "crates/sui-framework/packages/sui-framework" }

dependencies = [
  { id = "MoveStdlib", name = "MoveStdlib" },
]

[[move.package]]
id = "SuiSystem"
source = { git = "https://github.com/MystenLabs/sui.git", rev = "664b05b3b047c5bb03979d093660176176ea6175", subdir = "crates/sui-framework/packages/sui-system" }

dependencies = [
  { id = "MoveStdlib", name = "MoveStdlib" },
  { id = "Sui", name = "Sui" },
]

[[move.package]]
id = "access_control"
source = { git = "https://github.com/Reblixt/Sui-Access-Control.git", rev = "main", subdir = "" }

dependencies = [
  { id = "Sui", name = "Sui" },
]

[[move.package]]
id = "auth_bridge"
source = { git = "https://github.com/ReforgeLab/auth-bridge.git", rev = "main", subdir = "contract" }

dependencies = [
  { id = "Bridge", name = "Bridge" },
  { id = "MoveStdlib", name = "MoveStdlib" },
  { id = "Sui", name = "Sui" },
  { id = "SuiSystem", name = "SuiSystem" },
]

[move.toolchain-version]
compiler-version = "1.56.1"
edition = "2024.beta"
flavor = "sui"

[env]

[env.mainnet]
chain-id = "35834a8a"
original-published-id = "0xd5737054a0a5166df815d663087e215e7382a0e8bab8eb406e970566dcde76d5"
latest-published-id = "0xd5737054a0a5166df815d663087e215e7382a0e8bab8eb406e970566dcde76d5"
published-version = "1"
